// !$*UTF8*$!
{
	archiveVersion = 1;
	classes = {
	};
	objectVersion = 46;
	objects = {

/* Begin PBXBuildFile section */
		93D42FD5198F7A59006A28D9 /* AppDelegate.swift in Sources */ = {isa = PBXBuildFile; fileRef = 93D42FD4198F7A59006A28D9 /* AppDelegate.swift */; };
		93D42FD8198F7A59006A28D9 /* Hanabi.xcdatamodeld in Sources */ = {isa = PBXBuildFile; fileRef = 93D42FD6198F7A59006A28D9 /* Hanabi.xcdatamodeld */; };
		93D42FDA198F7A59006A28D9 /* ViewController.swift in Sources */ = {isa = PBXBuildFile; fileRef = 93D42FD9198F7A59006A28D9 /* ViewController.swift */; };
		93D42FDD198F7A59006A28D9 /* Main.storyboard in Resources */ = {isa = PBXBuildFile; fileRef = 93D42FDB198F7A59006A28D9 /* Main.storyboard */; };
		93D42FDF198F7A59006A28D9 /* Images.xcassets in Resources */ = {isa = PBXBuildFile; fileRef = 93D42FDE198F7A59006A28D9 /* Images.xcassets */; };
		93D42FEB198F7A59006A28D9 /* HanabiTests.swift in Sources */ = {isa = PBXBuildFile; fileRef = 93D42FEA198F7A59006A28D9 /* HanabiTests.swift */; };
		93D42FF5198F7E7E006A28D9 /* AppStoreInfo.rtf in Resources */ = {isa = PBXBuildFile; fileRef = 93D42FF4198F7E7E006A28D9 /* AppStoreInfo.rtf */; };
		93D42FF7198F8A6D006A28D9 /* SolveGamesViewController.swift in Sources */ = {isa = PBXBuildFile; fileRef = 93D42FF6198F8A6D006A28D9 /* SolveGamesViewController.swift */; };
		93D42FFB198F8E5A006A28D9 /* GGKUtilities.m in Sources */ = {isa = PBXBuildFile; fileRef = 93D42FFA198F8E5A006A28D9 /* GGKUtilities.m */; };
		93D42FFE198F997F006A28D9 /* GGKViewController.m in Sources */ = {isa = PBXBuildFile; fileRef = 93D42FFD198F997F006A28D9 /* GGKViewController.m */; };
		93D43001198F99AC006A28D9 /* GGKSoundModel.m in Sources */ = {isa = PBXBuildFile; fileRef = 93D43000198F99AC006A28D9 /* GGKSoundModel.m */; };
		93D43004198F9E82006A28D9 /* tap.aif in Resources */ = {isa = PBXBuildFile; fileRef = 93D43002198F9D8A006A28D9 /* tap.aif */; };
/* End PBXBuildFile section */

/* Begin PBXContainerItemProxy section */
		93D42FE5198F7A59006A28D9 /* PBXContainerItemProxy */ = {
			isa = PBXContainerItemProxy;
			containerPortal = 93D42FC7198F7A59006A28D9 /* Project object */;
			proxyType = 1;
			remoteGlobalIDString = 93D42FCE198F7A59006A28D9;
			remoteInfo = Hanabi;
		};
/* End PBXContainerItemProxy section */

/* Begin PBXFileReference section */
		93D42FCF198F7A59006A28D9 /* Hanabi.app */ = {isa = PBXFileReference; explicitFileType = wrapper.application; includeInIndex = 0; path = Hanabi.app; sourceTree = BUILT_PRODUCTS_DIR; };
		93D42FD3198F7A59006A28D9 /* Info.plist */ = {isa = PBXFileReference; lastKnownFileType = text.plist.xml; path = Info.plist; sourceTree = "<group>"; };
		93D42FD4198F7A59006A28D9 /* AppDelegate.swift */ = {isa = PBXFileReference; lastKnownFileType = sourcecode.swift; path = AppDelegate.swift; sourceTree = "<group>"; };
		93D42FD7198F7A59006A28D9 /* Hanabi.xcdatamodel */ = {isa = PBXFileReference; lastKnownFileType = wrapper.xcdatamodel; path = Hanabi.xcdatamodel; sourceTree = "<group>"; };
		93D42FD9198F7A59006A28D9 /* ViewController.swift */ = {isa = PBXFileReference; lastKnownFileType = sourcecode.swift; path = ViewController.swift; sourceTree = "<group>"; };
		93D42FDC198F7A59006A28D9 /* Base */ = {isa = PBXFileReference; lastKnownFileType = file.storyboard; name = Base; path = Base.lproj/Main.storyboard; sourceTree = "<group>"; };
		93D42FDE198F7A59006A28D9 /* Images.xcassets */ = {isa = PBXFileReference; lastKnownFileType = folder.assetcatalog; path = Images.xcassets; sourceTree = "<group>"; };
		93D42FE4198F7A59006A28D9 /* HanabiTests.xctest */ = {isa = PBXFileReference; explicitFileType = wrapper.cfbundle; includeInIndex = 0; path = HanabiTests.xctest; sourceTree = BUILT_PRODUCTS_DIR; };
		93D42FE9198F7A59006A28D9 /* Info.plist */ = {isa = PBXFileReference; lastKnownFileType = text.plist.xml; path = Info.plist; sourceTree = "<group>"; };
		93D42FEA198F7A59006A28D9 /* HanabiTests.swift */ = {isa = PBXFileReference; lastKnownFileType = sourcecode.swift; path = HanabiTests.swift; sourceTree = "<group>"; };
		93D42FF4198F7E7E006A28D9 /* AppStoreInfo.rtf */ = {isa = PBXFileReference; fileEncoding = 4; lastKnownFileType = text.rtf; path = AppStoreInfo.rtf; sourceTree = "<group>"; };
		93D42FF6198F8A6D006A28D9 /* SolveGamesViewController.swift */ = {isa = PBXFileReference; fileEncoding = 4; lastKnownFileType = sourcecode.swift; path = SolveGamesViewController.swift; sourceTree = "<group>"; };
		93D42FF8198F8E59006A28D9 /* Hanabi-Bridging-Header.h */ = {isa = PBXFileReference; lastKnownFileType = sourcecode.c.h; path = "Hanabi-Bridging-Header.h"; sourceTree = "<group>"; };
		93D42FF9198F8E5A006A28D9 /* GGKUtilities.h */ = {isa = PBXFileReference; fileEncoding = 4; lastKnownFileType = sourcecode.c.h; path = GGKUtilities.h; sourceTree = "<group>"; };
		93D42FFA198F8E5A006A28D9 /* GGKUtilities.m */ = {isa = PBXFileReference; fileEncoding = 4; lastKnownFileType = sourcecode.c.objc; path = GGKUtilities.m; sourceTree = "<group>"; };
		93D42FFC198F997F006A28D9 /* GGKViewController.h */ = {isa = PBXFileReference; fileEncoding = 4; lastKnownFileType = sourcecode.c.h; path = GGKViewController.h; sourceTree = "<group>"; };
		93D42FFD198F997F006A28D9 /* GGKViewController.m */ = {isa = PBXFileReference; fileEncoding = 4; lastKnownFileType = sourcecode.c.objc; path = GGKViewController.m; sourceTree = "<group>"; };
		93D42FFF198F99AC006A28D9 /* GGKSoundModel.h */ = {isa = PBXFileReference; fileEncoding = 4; lastKnownFileType = sourcecode.c.h; path = GGKSoundModel.h; sourceTree = "<group>"; };
		93D43000198F99AC006A28D9 /* GGKSoundModel.m */ = {isa = PBXFileReference; fileEncoding = 4; lastKnownFileType = sourcecode.c.objc; path = GGKSoundModel.m; sourceTree = "<group>"; };
		93D43002198F9D8A006A28D9 /* tap.aif */ = {isa = PBXFileReference; lastKnownFileType = file; path = tap.aif; sourceTree = "<group>"; };
/* End PBXFileReference section */

/* Begin PBXFrameworksBuildPhase section */
		93D42FCC198F7A59006A28D9 /* Frameworks */ = {
			isa = PBXFrameworksBuildPhase;
			buildActionMask = 2147483647;
			files = (
			);
			runOnlyForDeploymentPostprocessing = 0;
		};
		93D42FE1198F7A59006A28D9 /* Frameworks */ = {
			isa = PBXFrameworksBuildPhase;
			buildActionMask = 2147483647;
			files = (
			);
			runOnlyForDeploymentPostprocessing = 0;
		};
/* End PBXFrameworksBuildPhase section */

/* Begin PBXGroup section */
		93D42FC6198F7A59006A28D9 = {
			isa = PBXGroup;
			children = (
				93D42FD1198F7A59006A28D9 /* Hanabi */,
				93D42FE7198F7A59006A28D9 /* HanabiTests */,
				93D42FD0198F7A59006A28D9 /* Products */,
			);
			sourceTree = "<group>";
		};
		93D42FD0198F7A59006A28D9 /* Products */ = {
			isa = PBXGroup;
			children = (
				93D42FCF198F7A59006A28D9 /* Hanabi.app */,
				93D42FE4198F7A59006A28D9 /* HanabiTests.xctest */,
			);
			name = Products;
			sourceTree = "<group>";
		};
		93D42FD1198F7A59006A28D9 /* Hanabi */ = {
			isa = PBXGroup;
			children = (
				93D42FD4198F7A59006A28D9 /* AppDelegate.swift */,
				93D42FFF198F99AC006A28D9 /* GGKSoundModel.h */,
				93D43000198F99AC006A28D9 /* GGKSoundModel.m */,
				93D42FF9198F8E5A006A28D9 /* GGKUtilities.h */,
				93D42FFA198F8E5A006A28D9 /* GGKUtilities.m */,
				93D42FFC198F997F006A28D9 /* GGKViewController.h */,
				93D42FFD198F997F006A28D9 /* GGKViewController.m */,
				93D42FF6198F8A6D006A28D9 /* SolveGamesViewController.swift */,
				93D42FD9198F7A59006A28D9 /* ViewController.swift */,
				93D42FDB198F7A59006A28D9 /* Main.storyboard */,
				93D42FDE198F7A59006A28D9 /* Images.xcassets */,
				93D42FD6198F7A59006A28D9 /* Hanabi.xcdatamodeld */,
				93D42FD2198F7A59006A28D9 /* Supporting Files */,
				93D42FF8198F8E59006A28D9 /* Hanabi-Bridging-Header.h */,
			);
			path = Hanabi;
			sourceTree = "<group>";
		};
		93D42FD2198F7A59006A28D9 /* Supporting Files */ = {
			isa = PBXGroup;
			children = (
				93D42FF4198F7E7E006A28D9 /* AppStoreInfo.rtf */,
				93D42FD3198F7A59006A28D9 /* Info.plist */,
				93D43003198F9D91006A28D9 /* sounds */,
			);
			name = "Supporting Files";
			sourceTree = "<group>";
		};
		93D42FE7198F7A59006A28D9 /* HanabiTests */ = {
			isa = PBXGroup;
			children = (
				93D42FEA198F7A59006A28D9 /* HanabiTests.swift */,
				93D42FE8198F7A59006A28D9 /* Supporting Files */,
			);
			path = HanabiTests;
			sourceTree = "<group>";
		};
		93D42FE8198F7A59006A28D9 /* Supporting Files */ = {
			isa = PBXGroup;
			children = (
				93D42FE9198F7A59006A28D9 /* Info.plist */,
			);
			name = "Supporting Files";
			sourceTree = "<group>";
		};
		93D43003198F9D91006A28D9 /* sounds */ = {
			isa = PBXGroup;
			children = (
				93D43002198F9D8A006A28D9 /* tap.aif */,
			);
			name = sounds;
			sourceTree = "<group>";
		};
/* End PBXGroup section */

/* Begin PBXNativeTarget section */
		93D42FCE198F7A59006A28D9 /* Hanabi */ = {
			isa = PBXNativeTarget;
			buildConfigurationList = 93D42FEE198F7A59006A28D9 /* Build configuration list for PBXNativeTarget "Hanabi" */;
			buildPhases = (
				93D42FCB198F7A59006A28D9 /* Sources */,
				93D42FCC198F7A59006A28D9 /* Frameworks */,
				93D42FCD198F7A59006A28D9 /* Resources */,
			);
			buildRules = (
			);
			dependencies = (
			);
			name = Hanabi;
			productName = Hanabi;
			productReference = 93D42FCF198F7A59006A28D9 /* Hanabi.app */;
			productType = "com.apple.product-type.application";
		};
		93D42FE3198F7A59006A28D9 /* HanabiTests */ = {
			isa = PBXNativeTarget;
			buildConfigurationList = 93D42FF1198F7A59006A28D9 /* Build configuration list for PBXNativeTarget "HanabiTests" */;
			buildPhases = (
				93D42FE0198F7A59006A28D9 /* Sources */,
				93D42FE1198F7A59006A28D9 /* Frameworks */,
				93D42FE2198F7A59006A28D9 /* Resources */,
			);
			buildRules = (
			);
			dependencies = (
				93D42FE6198F7A59006A28D9 /* PBXTargetDependency */,
			);
			name = HanabiTests;
			productName = HanabiTests;
			productReference = 93D42FE4198F7A59006A28D9 /* HanabiTests.xctest */;
			productType = "com.apple.product-type.bundle.unit-test";
		};
/* End PBXNativeTarget section */

/* Begin PBXProject section */
		93D42FC7198F7A59006A28D9 /* Project object */ = {
			isa = PBXProject;
			attributes = {
				LastUpgradeCheck = 0600;
				ORGANIZATIONNAME = "Geoff Hom";
				TargetAttributes = {
					93D42FCE198F7A59006A28D9 = {
						CreatedOnToolsVersion = 6.0;
					};
					93D42FE3198F7A59006A28D9 = {
						CreatedOnToolsVersion = 6.0;
						TestTargetID = 93D42FCE198F7A59006A28D9;
					};
				};
			};
			buildConfigurationList = 93D42FCA198F7A59006A28D9 /* Build configuration list for PBXProject "Hanabi" */;
			compatibilityVersion = "Xcode 3.2";
			developmentRegion = English;
			hasScannedForEncodings = 0;
			knownRegions = (
				en,
				Base,
			);
			mainGroup = 93D42FC6198F7A59006A28D9;
			productRefGroup = 93D42FD0198F7A59006A28D9 /* Products */;
			projectDirPath = "";
			projectRoot = "";
			targets = (
				93D42FCE198F7A59006A28D9 /* Hanabi */,
				93D42FE3198F7A59006A28D9 /* HanabiTests */,
			);
		};
/* End PBXProject section */

/* Begin PBXResourcesBuildPhase section */
		93D42FCD198F7A59006A28D9 /* Resources */ = {
			isa = PBXResourcesBuildPhase;
			buildActionMask = 2147483647;
			files = (
				93D42FF5198F7E7E006A28D9 /* AppStoreInfo.rtf in Resources */,
				93D42FDD198F7A59006A28D9 /* Main.storyboard in Resources */,
				93D42FDF198F7A59006A28D9 /* Images.xcassets in Resources */,
				93D43004198F9E82006A28D9 /* tap.aif in Resources */,
			);
			runOnlyForDeploymentPostprocessing = 0;
		};
		93D42FE2198F7A59006A28D9 /* Resources */ = {
			isa = PBXResourcesBuildPhase;
			buildActionMask = 2147483647;
			files = (
			);
			runOnlyForDeploymentPostprocessing = 0;
		};
/* End PBXResourcesBuildPhase section */

/* Begin PBXSourcesBuildPhase section */
		93D42FCB198F7A59006A28D9 /* Sources */ = {
			isa = PBXSourcesBuildPhase;
			buildActionMask = 2147483647;
			files = (
				93D42FFB198F8E5A006A28D9 /* GGKUtilities.m in Sources */,
				93D42FDA198F7A59006A28D9 /* ViewController.swift in Sources */,
				93D42FFE198F997F006A28D9 /* GGKViewController.m in Sources */,
				93D42FD8198F7A59006A28D9 /* Hanabi.xcdatamodeld in Sources */,
				93D43001198F99AC006A28D9 /* GGKSoundModel.m in Sources */,
				93D42FF7198F8A6D006A28D9 /* SolveGamesViewController.swift in Sources */,
				93D42FD5198F7A59006A28D9 /* AppDelegate.swift in Sources */,
			);
			runOnlyForDeploymentPostprocessing = 0;
		};
		93D42FE0198F7A59006A28D9 /* Sources */ = {
			isa = PBXSourcesBuildPhase;
			buildActionMask = 2147483647;
			files = (
				93D42FEB198F7A59006A28D9 /* HanabiTests.swift in Sources */,
			);
			runOnlyForDeploymentPostprocessing = 0;
		};
/* End PBXSourcesBuildPhase section */

/* Begin PBXTargetDependency section */
		93D42FE6198F7A59006A28D9 /* PBXTargetDependency */ = {
			isa = PBXTargetDependency;
			target = 93D42FCE198F7A59006A28D9 /* Hanabi */;
			targetProxy = 93D42FE5198F7A59006A28D9 /* PBXContainerItemProxy */;
		};
/* End PBXTargetDependency section */

/* Begin PBXVariantGroup section */
		93D42FDB198F7A59006A28D9 /* Main.storyboard */ = {
			isa = PBXVariantGroup;
			children = (
				93D42FDC198F7A59006A28D9 /* Base */,
			);
			name = Main.storyboard;
			sourceTree = "<group>";
		};
/* End PBXVariantGroup section */

/* Begin XCBuildConfiguration section */
		93D42FEC198F7A59006A28D9 /* Debug */ = {
			isa = XCBuildConfiguration;
			buildSettings = {
				ALWAYS_SEARCH_USER_PATHS = NO;
				CLANG_CXX_LANGUAGE_STANDARD = "gnu++0x";
				CLANG_CXX_LIBRARY = "libc++";
				CLANG_ENABLE_MODULES = YES;
				CLANG_ENABLE_OBJC_ARC = YES;
				CLANG_WARN_BOOL_CONVERSION = YES;
				CLANG_WARN_CONSTANT_CONVERSION = YES;
				CLANG_WARN_DIRECT_OBJC_ISA_USAGE = YES_ERROR;
				CLANG_WARN_EMPTY_BODY = YES;
				CLANG_WARN_ENUM_CONVERSION = YES;
				CLANG_WARN_INT_CONVERSION = YES;
				CLANG_WARN_OBJC_ROOT_CLASS = YES_ERROR;
				CLANG_WARN_UNREACHABLE_CODE = YES;
				CLANG_WARN__DUPLICATE_METHOD_MATCH = YES;
				COPY_PHASE_STRIP = NO;
				ENABLE_STRICT_OBJC_MSGSEND = YES;
				GCC_C_LANGUAGE_STANDARD = gnu99;
				GCC_DYNAMIC_NO_PIC = NO;
				GCC_OPTIMIZATION_LEVEL = 0;
				GCC_PREPROCESSOR_DEFINITIONS = (
					"DEBUG=1",
					"$(inherited)",
				);
				GCC_SYMBOLS_PRIVATE_EXTERN = NO;
				GCC_WARN_64_TO_32_BIT_CONVERSION = YES;
				GCC_WARN_ABOUT_RETURN_TYPE = YES_ERROR;
				GCC_WARN_UNDECLARED_SELECTOR = YES;
				GCC_WARN_UNINITIALIZED_AUTOS = YES_AGGRESSIVE;
				GCC_WARN_UNUSED_FUNCTION = YES;
				GCC_WARN_UNUSED_VARIABLE = YES;
				IPHONEOS_DEPLOYMENT_TARGET = 7.1;
				MTL_ENABLE_DEBUG_INFO = YES;
				ONLY_ACTIVE_ARCH = YES;
				SDKROOT = iphoneos;
				SWIFT_OPTIMIZATION_LEVEL = "-Onone";
				TARGETED_DEVICE_FAMILY = 2;
			};
			name = Debug;
		};
		93D42FED198F7A59006A28D9 /* Release */ = {
			isa = XCBuildConfiguration;
			buildSettings = {
				ALWAYS_SEARCH_USER_PATHS = NO;
				CLANG_CXX_LANGUAGE_STANDARD = "gnu++0x";
				CLANG_CXX_LIBRARY = "libc++";
				CLANG_ENABLE_MODULES = YES;
				CLANG_ENABLE_OBJC_ARC = YES;
				CLANG_WARN_BOOL_CONVERSION = YES;
				CLANG_WARN_CONSTANT_CONVERSION = YES;
				CLANG_WARN_DIRECT_OBJC_ISA_USAGE = YES_ERROR;
				CLANG_WARN_EMPTY_BODY = YES;
				CLANG_WARN_ENUM_CONVERSION = YES;
				CLANG_WARN_INT_CONVERSION = YES;
				CLANG_WARN_OBJC_ROOT_CLASS = YES_ERROR;
				CLANG_WARN_UNREACHABLE_CODE = YES;
				CLANG_WARN__DUPLICATE_METHOD_MATCH = YES;
				COPY_PHASE_STRIP = YES;
				ENABLE_NS_ASSERTIONS = NO;
				ENABLE_STRICT_OBJC_MSGSEND = YES;
				GCC_C_LANGUAGE_STANDARD = gnu99;
				GCC_WARN_64_TO_32_BIT_CONVERSION = YES;
				GCC_WARN_ABOUT_RETURN_TYPE = YES_ERROR;
				GCC_WARN_UNDECLARED_SELECTOR = YES;
				GCC_WARN_UNINITIALIZED_AUTOS = YES_AGGRESSIVE;
				GCC_WARN_UNUSED_FUNCTION = YES;
				GCC_WARN_UNUSED_VARIABLE = YES;
				IPHONEOS_DEPLOYMENT_TARGET = 7.1;
				MTL_ENABLE_DEBUG_INFO = NO;
				SDKROOT = iphoneos;
				TARGETED_DEVICE_FAMILY = 2;
				VALIDATE_PRODUCT = YES;
			};
			name = Release;
		};
		93D42FEF198F7A59006A28D9 /* Debug */ = {
			isa = XCBuildConfiguration;
			buildSettings = {
				ASSETCATALOG_COMPILER_APPICON_NAME = AppIcon;
				ASSETCATALOG_COMPILER_LAUNCHIMAGE_NAME = LaunchImage;
				CLANG_ENABLE_MODULES = YES;
				CODE_SIGN_IDENTITY = "iPhone Developer";
				INFOPLIST_FILE = Hanabi/Info.plist;
				IPHONEOS_DEPLOYMENT_TARGET = 7.1;
				LD_RUNPATH_SEARCH_PATHS = "$(inherited) @executable_path/Frameworks";
				PRODUCT_NAME = "$(TARGET_NAME)";
				SWIFT_OBJC_BRIDGING_HEADER = "Hanabi/Hanabi-Bridging-Header.h";
				SWIFT_OPTIMIZATION_LEVEL = "-Onone";
			};
			name = Debug;
		};
		93D42FF0198F7A59006A28D9 /* Release */ = {
			isa = XCBuildConfiguration;
			buildSettings = {
				ASSETCATALOG_COMPILER_APPICON_NAME = AppIcon;
				ASSETCATALOG_COMPILER_LAUNCHIMAGE_NAME = LaunchImage;
				CLANG_ENABLE_MODULES = YES;
				CODE_SIGN_IDENTITY = "iPhone Distribution";
				INFOPLIST_FILE = Hanabi/Info.plist;
				IPHONEOS_DEPLOYMENT_TARGET = 7.1;
				LD_RUNPATH_SEARCH_PATHS = "$(inherited) @executable_path/Frameworks";
				PRODUCT_NAME = "$(TARGET_NAME)";
				PROVISIONING_PROFILE = "77136E03-23BE-4A0D-8F96-679E008BF18F";
				SWIFT_OBJC_BRIDGING_HEADER = "Hanabi/Hanabi-Bridging-Header.h";
			};
			name = Release;
		};
		93D42FF2198F7A59006A28D9 /* Debug */ = {
			isa = XCBuildConfiguration;
			buildSettings = {
				BUNDLE_LOADER = "$(BUILT_PRODUCTS_DIR)/Hanabi.app/Hanabi";
				FRAMEWORK_SEARCH_PATHS = (
					"$(SDKROOT)/Developer/Library/Frameworks",
					"$(inherited)",
				);
				GCC_PREPROCESSOR_DEFINITIONS = (
					"DEBUG=1",
					"$(inherited)",
				);
				INFOPLIST_FILE = HanabiTests/Info.plist;
				LD_RUNPATH_SEARCH_PATHS = "$(inherited) @executable_path/Frameworks @loader_path/Frameworks";
				PRODUCT_NAME = "$(TARGET_NAME)";
				TEST_HOST = "$(BUNDLE_LOADER)";
			};
			name = Debug;
		};
		93D42FF3198F7A59006A28D9 /* Release */ = {
			isa = XCBuildConfiguration;
			buildSettings = {
				BUNDLE_LOADER = "$(BUILT_PRODUCTS_DIR)/Hanabi.app/Hanabi";
				FRAMEWORK_SEARCH_PATHS = (
					"$(SDKROOT)/Developer/Library/Frameworks",
					"$(inherited)",
				);
				INFOPLIST_FILE = HanabiTests/Info.plist;
				LD_RUNPATH_SEARCH_PATHS = "$(inherited) @executable_path/Frameworks @loader_path/Frameworks";
				PRODUCT_NAME = "$(TARGET_NAME)";
				TEST_HOST = "$(BUNDLE_LOADER)";
			};
			name = Release;
		};
/* End XCBuildConfiguration section */

/* Begin XCConfigurationList section */
		93D42FCA198F7A59006A28D9 /* Build configuration list for PBXProject "Hanabi" */ = {
			isa = XCConfigurationList;
			buildConfigurations = (
				93D42FEC198F7A59006A28D9 /* Debug */,
				93D42FED198F7A59006A28D9 /* Release */,
			);
			defaultConfigurationIsVisible = 0;
			defaultConfigurationName = Release;
		};
		93D42FEE198F7A59006A28D9 /* Build configuration list for PBXNativeTarget "Hanabi" */ = {
			isa = XCConfigurationList;
			buildConfigurations = (
				93D42FEF198F7A59006A28D9 /* Debug */,
				93D42FF0198F7A59006A28D9 /* Release */,
			);
			defaultConfigurationIsVisible = 0;
		};
		93D42FF1198F7A59006A28D9 /* Build configuration list for PBXNativeTarget "HanabiTests" */ = {
			isa = XCConfigurationList;
			buildConfigurations = (
				93D42FF2198F7A59006A28D9 /* Debug */,
				93D42FF3198F7A59006A28D9 /* Release */,
			);
			defaultConfigurationIsVisible = 0;
		};
/* End XCConfigurationList section */

/* Begin XCVersionGroup section */
		93D42FD6198F7A59006A28D9 /* Hanabi.xcdatamodeld */ = {
			isa = XCVersionGroup;
			children = (
				93D42FD7198F7A59006A28D9 /* Hanabi.xcdatamodel */,
			);
			currentVersion = 93D42FD7198F7A59006A28D9 /* Hanabi.xcdatamodel */;
			path = Hanabi.xcdatamodeld;
			sourceTree = "<group>";
			versionGroupType = wrapper.xcdatamodel;
		};
/* End XCVersionGroup section */
	};
	rootObject = 93D42FC7198F7A59006A28D9 /* Project object */;
}
